
Microsoft Visual Studio Solution File, Format Version 12.00
# Visual Studio Version 17
VisualStudioVersion = 17.6.33712.159
MinimumVisualStudioVersion = 10.0.40219.1
Project("{9A19103F-16F7-4668-BE54-9A1E7A4F7556}") = "GoTogetherDataBaseService", "GoTogetherDataBaseService\GoTogetherDataBaseService.csproj", "{BCB04F7D-ABA0-497A-85E5-1E3FFEFEF4D1}"
EndProject
Project("{FAE04EC0-301F-11D3-BF4B-00C04F79EFBC}") = "GoTogetherAppMain", "GoTogetherAppMain\GoTogetherAppMain.csproj", "{DF82A968-CC97-4193-AE84-2D88B81AE4BE}"
EndProject
Global
	GlobalSection(SolutionConfigurationPlatforms) = preSolution
		Debug|Any CPU = Debug|Any CPU
		Release|Any CPU = Release|Any CPU
	EndGlobalSection
	GlobalSection(ProjectConfigurationPlatforms) = postSolution
		{BCB04F7D-ABA0-497A-85E5-1E3FFEFEF4D1}.Debug|Any CPU.ActiveCfg = Debug|Any CPU
		{BCB04F7D-ABA0-497A-85E5-1E3FFEFEF4D1}.Debug|Any CPU.Build.0 = Debug|Any CPU
		{BCB04F7D-ABA0-497A-85E5-1E3FFEFEF4D1}.Release|Any CPU.ActiveCfg = Release|Any CPU
		{BCB04F7D-ABA0-497A-85E5-1E3FFEFEF4D1}.Release|Any CPU.Build.0 = Release|Any CPU
		{DF82A968-CC97-4193-AE84-2D88B81AE4BE}.Debug|Any CPU.ActiveCfg = Debug|Any CPU
		{DF82A968-CC97-4193-AE84-2D88B81AE4BE}.Debug|Any CPU.Build.0 = Debug|Any CPU
		{DF82A968-CC97-4193-AE84-2D88B81AE4BE}.Release|Any CPU.ActiveCfg = Release|Any CPU
		{DF82A968-CC97-4193-AE84-2D88B81AE4BE}.Release|Any CPU.Build.0 = Release|Any CPU
	EndGlobalSection
	GlobalSection(SolutionProperties) = preSolution
		HideSolutionNode = FALSE
	EndGlobalSection
	GlobalSection(ExtensibilityGlobals) = postSolution
		SolutionGuid = {384FCC96-0383-411E-A011-954E503846DA}
	EndGlobalSection
EndGlobal
